# This file is automatically @generated by Cargo.
# It is not intended for manual editing.
version = 4

[[package]]
name = "bitflags"
version = "2.13.2"
source = "registry+https://github.com/rust-lang/crates.io-index"
checksum = "3ded4057c258ba199e2d26386d3af3780957ecaee6c4ef4041c6b4b8b97c0b06"

[[package]]
name = "bytes"
version = "1.12.1"
source = "registry+https://github.com/rust-lang/crates.io-index"
checksum = "fc652a48c352aef3ea3aed32080501cf3ef6ed5da78602a020c991775b0aff04"

[[package]]
name = "errno"
version = "0.3.14"
source = "registry+https://github.com/rust-lang/crates.io-index"
checksum = "39cab71617ae0d63f51a36d69f866391735b51691dbda63cf6f96d042b63efeb"
dependencies = [
 "libc",
 "windows-sys",
]

[[package]]
name = "krabka-wasi-guest"
version = "0.1.0"
dependencies = [
 "rustix",
 "tokio",
 "wasi",
]

[[package]]
name = "libc"
version = "0.2.190"
source = "registry+https://github.com/rust-lang/crates.io-index"
checksum = "ce5d3ddc6d3fa000eb1536d85e147bfe31aacaba692ed6a876f95cb7c855be78"

[[package]]
name = "linux-raw-sys"
version = "0.12.1"
source = "registry+https://github.com/rust-lang/crates.io-index"
checksum = "32a66949e030da00e8c7d4434b251670a91556f4144941d37452769c25d58a53"

[[package]]
name = "mio"
version = "1.2.4"
source = "registry+https://github.com/rust-lang/crates.io-index"
checksum = "1788edb87fdc09c7e26304471e2f5be8cdefb1b6930d6e3985fc02ff53bf86ee"
dependencies = [
 "libc",
 "wasi",
 "windows-sys",
]

[[package]]
name = "pin-project-lite"
version = "0.2.17"
source = "registry+https://github.com/rust-lang/crates.io-index"
checksum = "a89322df9ebe1c1578d689c92318e070967d1042b512afbe49518723f4e6d5cd"

[[package]]
name = "proc-macro2"
version = "1.0.107"
source = "registry+https://github.com/rust-lang/crates.io-index"
checksum = "985e7ec9bb745e6ce6535b544d84d6cd6f7ad8bd711c398938ae983b91a766d9"
dependencies = [
 "unicode-ident",
]

[[package]]
name = "quote"
version = "1.0.47"
source = "registry+https://github.com/rust-lang/crates.io-index"
checksum = "1fbf4db142a473a8d80c26bbf18454ed458bf8d26c8219c331daecfdbd079001"
dependencies = [
 "proc-macro2",
]

[[package]]
name = "rustix"
version = "1.1.5"
source = "registry+https://github.com/rust-lang/crates.io-index"
checksum = "891efababe418670775f199f0d233d84843c227a0949a883ce15b37c78d6629d"
dependencies = [
 "bitflags",
 "errno",
 "libc",
 "linux-raw-sys",
 "windows-sys",
]

[[package]]
name = "socket2"
version = "0.6.5"
source = "registry+https://github.com/rust-lang/crates.io-index"
checksum = "c3d1e2c7f27f8d4cb10542a02c49005dbd6e93095799d6f3be745fae9f8fedd4"
dependencies = [
 "libc",
 "windows-sys",
]

[[package]]
name = "syn"
version = "3.0.6"
source = "registry+https://github.com/rust-lang/crates.io-index"
checksum = "8593e8e72159ed2257d083c7a454a85cbf854f37a0966d8d483aff8c8a3ebcee"
dependencies = [
 "proc-macro2",
 "quote",
 "unicode-ident",
]

[[package]]
name = "tokio"
version = "1.53.2"
source = "registry+https://github.com/rust-lang/crates.io-index"
checksum = "e95f91fcc7a621e8b030f6aa23c71fe9838ae2fb4d8118b75602a328f5144044"
dependencies = [
 "bytes",
 "libc",
 "mio",
 "pin-project-lite",
 "socket2",
 "tokio-macros",
 "windows-sys",
]

[[package]]
name = "tokio-macros"
version = "2.7.2"
source = "registry+https://github.com/rust-lang/crates.io-index"
checksum = "78773a2a397f451582ce068015985c33193cf6dea8b74d2a639fe457b2f07b0e"
dependencies = [
 "proc-macro2",
 "quote",
 "syn",
]

[[package]]
name = "unicode-ident"
version = "1.0.26"
source = "registry+https://github.com/rust-lang/crates.io-index"
checksum = "d245f478577f809a851594d02313b640fb437e0bb33866753cff937863096954"

[[package]]
name = "wasi"
version = "0.11.1+wasi-snapshot-preview1"
source = "registry+https://github.com/rust-lang/crates.io-index"
checksum = "ccf3ec651a847eb01de73ccad15eb7d99f80485de043efb2f370cd654f4ea44b"

[[package]]
name = "windows-link"
version = "0.2.1"
source = "registry+https://github.com/rust-lang/crates.io-index"
checksum = "f0805222e57f7521d6a62e36fa9163bc891acd422f971defe97d64e70d0a4fe5"

[[package]]
name = "windows-sys"
version = "0.61.2"
source = "registry+https://github.com/rust-lang/crates.io-index"
checksum = "ae137229bcbd6cdf0f7b80a31df61766145077ddf49416a728b02cb3921ff3fc"
dependencies = [
 "windows-link",
]

[[patch.unused]]
name = "krabka-admin-ui"
version = "0.4.3"
source = "git+https://github.com/krabka-io/krabka-cli?rev=91d4b370a3cf7e54808c1b0aa70d11fdd21bf45c#91d4b370a3cf7e54808c1b0aa70d11fdd21bf45c"

[[patch.unused]]
name = "krabka-app-sdk"
version = "0.5.0"
source = "git+https://github.com/krabka-io/krabka-gateway?rev=c6d97bc98d59133b8c8cebd29f83fd2d38d0c429#c6d97bc98d59133b8c8cebd29f83fd2d38d0c429"

[[patch.unused]]
name = "krabka-audit"
version = "0.7.0"
source = "git+https://github.com/krabka-io/krabka-broker?rev=d2ee0d14003c7ccc52d792db495120f48e13028e#d2ee0d14003c7ccc52d792db495120f48e13028e"

[[patch.unused]]
name = "krabka-authz"
version = "0.7.0"
source = "git+https://github.com/krabka-io/krabka-broker?rev=d2ee0d14003c7ccc52d792db495120f48e13028e#d2ee0d14003c7ccc52d792db495120f48e13028e"

[[patch.unused]]
name = "krabka-backup"
version = "0.7.0"
source = "git+https://github.com/krabka-io/krabka-broker?rev=d2ee0d14003c7ccc52d792db495120f48e13028e#d2ee0d14003c7ccc52d792db495120f48e13028e"

[[patch.unused]]
name = "krabka-barrier"
version = "0.7.0"
source = "git+https://github.com/krabka-io/krabka-broker?rev=d2ee0d14003c7ccc52d792db495120f48e13028e#d2ee0d14003c7ccc52d792db495120f48e13028e"

[[patch.unused]]
name = "krabka-bench-driver"
version = "0.7.0"
source = "git+https://github.com/krabka-io/krabka-broker?rev=d2ee0d14003c7ccc52d792db495120f48e13028e#d2ee0d14003c7ccc52d792db495120f48e13028e"

[[patch.unused]]
name = "krabka-blockstore"
version = "0.4.0"
source = "git+https://github.com/krabka-io/krabka-o11y?rev=8d9954023f1b68b04d7511ce6e9d15b3d2876028#8d9954023f1b68b04d7511ce6e9d15b3d2876028"

[[patch.unused]]
name = "krabka-broker"
version = "0.7.0"
source = "git+https://github.com/krabka-io/krabka-broker?rev=d2ee0d14003c7ccc52d792db495120f48e13028e#d2ee0d14003c7ccc52d792db495120f48e13028e"

[[patch.unused]]
name = "krabka-cli"
version = "0.4.3"
source = "git+https://github.com/krabka-io/krabka-cli?rev=91d4b370a3cf7e54808c1b0aa70d11fdd21bf45c#91d4b370a3cf7e54808c1b0aa70d11fdd21bf45c"

[[patch.unused]]
name = "krabka-client-admin"
version = "0.6.0"
source = "git+https://github.com/krabka-io/krabka-client-rs?rev=ee411691e39a05f3ed4e4ed8adc1e8939fd111b4#ee411691e39a05f3ed4e4ed8adc1e8939fd111b4"

[[patch.unused]]
name = "krabka-client-consumer"
version = "0.6.0"
source = "git+https://github.com/krabka-io/krabka-client-rs?rev=ee411691e39a05f3ed4e4ed8adc1e8939fd111b4#ee411691e39a05f3ed4e4ed8adc1e8939fd111b4"

[[patch.unused]]
name = "krabka-client-coordination"
version = "0.6.0"
source = "git+https://github.com/krabka-io/krabka-client-rs?rev=ee411691e39a05f3ed4e4ed8adc1e8939fd111b4#ee411691e39a05f3ed4e4ed8adc1e8939fd111b4"

[[patch.unused]]
name = "krabka-client-core"
version = "0.6.0"
source = "git+https://github.com/krabka-io/krabka-client-rs?rev=ee411691e39a05f3ed4e4ed8adc1e8939fd111b4#ee411691e39a05f3ed4e4ed8adc1e8939fd111b4"

[[patch.unused]]
name = "krabka-client-producer"
version = "0.6.0"
source = "git+https://github.com/krabka-io/krabka-client-rs?rev=ee411691e39a05f3ed4e4ed8adc1e8939fd111b4#ee411691e39a05f3ed4e4ed8adc1e8939fd111b4"

[[patch.unused]]
name = "krabka-client-streams"
version = "0.4.1"
source = "git+https://github.com/krabka-io/krabka-streams-rs?rev=b9f1d8a4f26f169f3b35e13ecd48bfd948750a29#b9f1d8a4f26f169f3b35e13ecd48bfd948750a29"

[[patch.unused]]
name = "krabka-compression"
version = "0.6.0"
source = "git+https://github.com/krabka-io/krabka-protocol?rev=574e0e385f5d5187979049aa0578f1abf3fa123b#574e0e385f5d5187979049aa0578f1abf3fa123b"

[[patch.unused]]
name = "krabka-connect"
version = "0.4.1"
source = "git+https://github.com/krabka-io/krabka-connect?rev=ecd5fd77656bc24addb087e714477b9201053a28#ecd5fd77656bc24addb087e714477b9201053a28"

[[patch.unused]]
name = "krabka-connect-derive"
version = "0.4.1"
source = "git+https://github.com/krabka-io/krabka-connect?rev=ecd5fd77656bc24addb087e714477b9201053a28#ecd5fd77656bc24addb087e714477b9201053a28"

[[patch.unused]]
name = "krabka-connect-postgres"
version = "0.4.1"
source = "git+https://github.com/krabka-io/krabka-connect?rev=ecd5fd77656bc24addb087e714477b9201053a28#ecd5fd77656bc24addb087e714477b9201053a28"

[[patch.unused]]
name = "krabka-connect-worker"
version = "0.4.1"
source = "git+https://github.com/krabka-io/krabka-connect?rev=ecd5fd77656bc24addb087e714477b9201053a28#ecd5fd77656bc24addb087e714477b9201053a28"

[[patch.unused]]
name = "krabka-docgen"
version = "0.7.0"
source = "git+https://github.com/krabka-io/krabka-broker?rev=d2ee0d14003c7ccc52d792db495120f48e13028e#d2ee0d14003c7ccc52d792db495120f48e13028e"

[[patch.unused]]
name = "krabka-format"
version = "0.7.0"
source = "git+https://github.com/krabka-io/krabka-broker?rev=d2ee0d14003c7ccc52d792db495120f48e13028e#d2ee0d14003c7ccc52d792db495120f48e13028e"

[[patch.unused]]
name = "krabka-gateway"
version = "0.5.0"
source = "git+https://github.com/krabka-io/krabka-gateway?rev=c6d97bc98d59133b8c8cebd29f83fd2d38d0c429#c6d97bc98d59133b8c8cebd29f83fd2d38d0c429"

[[patch.unused]]
name = "krabka-guard"
version = "0.7.0"
source = "git+https://github.com/krabka-io/krabka-broker?rev=d2ee0d14003c7ccc52d792db495120f48e13028e#d2ee0d14003c7ccc52d792db495120f48e13028e"

[[patch.unused]]
name = "krabka-hlc"
version = "0.6.0"
source = "git+https://github.com/krabka-io/krabka-protocol?rev=574e0e385f5d5187979049aa0578f1abf3fa123b#574e0e385f5d5187979049aa0578f1abf3fa123b"

[[patch.unused]]
name = "krabka-ids"
version = "0.6.0"
source = "git+https://github.com/krabka-io/krabka-protocol?rev=574e0e385f5d5187979049aa0578f1abf3fa123b#574e0e385f5d5187979049aa0578f1abf3fa123b"

[[patch.unused]]
name = "krabka-integration"
version = "0.4.0"
source = "git+https://github.com/krabka-io/krabka-o11y?rev=8d9954023f1b68b04d7511ce6e9d15b3d2876028#8d9954023f1b68b04d7511ce6e9d15b3d2876028"

[[patch.unused]]
name = "krabka-kafka-tap"
version = "0.6.0"
source = "git+https://github.com/krabka-io/krabka-protocol?rev=574e0e385f5d5187979049aa0578f1abf3fa123b#574e0e385f5d5187979049aa0578f1abf3fa123b"

[[patch.unused]]
name = "krabka-kraft-core"
version = "0.7.0"
source = "git+https://github.com/krabka-io/krabka-broker?rev=d2ee0d14003c7ccc52d792db495120f48e13028e#d2ee0d14003c7ccc52d792db495120f48e13028e"

[[patch.unused]]
name = "krabka-log"
version = "0.7.0"
source = "git+https://github.com/krabka-io/krabka-broker?rev=d2ee0d14003c7ccc52d792db495120f48e13028e#d2ee0d14003c7ccc52d792db495120f48e13028e"

[[patch.unused]]
name = "krabka-log-iobench"
version = "0.7.0"
source = "git+https://github.com/krabka-io/krabka-broker?rev=d2ee0d14003c7ccc52d792db495120f48e13028e#d2ee0d14003c7ccc52d792db495120f48e13028e"

[[patch.unused]]
name = "krabka-logfmt"
version = "0.7.0"
source = "git+https://github.com/krabka-io/krabka-broker?rev=d2ee0d14003c7ccc52d792db495120f48e13028e#d2ee0d14003c7ccc52d792db495120f48e13028e"

[[patch.unused]]
name = "krabka-logql"
version = "0.4.0"
source = "git+https://github.com/krabka-io/krabka-o11y?rev=8d9954023f1b68b04d7511ce6e9d15b3d2876028#8d9954023f1b68b04d7511ce6e9d15b3d2876028"

[[patch.unused]]
name = "krabka-metadata"
version = "0.6.0"
source = "git+https://github.com/krabka-io/krabka-protocol?rev=574e0e385f5d5187979049aa0578f1abf3fa123b#574e0e385f5d5187979049aa0578f1abf3fa123b"

[[patch.unused]]
name = "krabka-metrics"
version = "0.4.0"
source = "git+https://github.com/krabka-io/krabka-o11y?rev=8d9954023f1b68b04d7511ce6e9d15b3d2876028#8d9954023f1b68b04d7511ce6e9d15b3d2876028"

[[patch.unused]]
name = "krabka-metrics-service"
version = "0.4.0"
source = "git+https://github.com/krabka-io/krabka-o11y?rev=8d9954023f1b68b04d7511ce6e9d15b3d2876028#8d9954023f1b68b04d7511ce6e9d15b3d2876028"

[[patch.unused]]
name = "krabka-o11y-verified"
version = "0.4.0"
source = "git+https://github.com/krabka-io/krabka-o11y?rev=8d9954023f1b68b04d7511ce6e9d15b3d2876028#8d9954023f1b68b04d7511ce6e9d15b3d2876028"

[[patch.unused]]
name = "krabka-object-store"
version = "0.7.0"
source = "git+https://github.com/krabka-io/krabka-broker?rev=d2ee0d14003c7ccc52d792db495120f48e13028e#d2ee0d14003c7ccc52d792db495120f48e13028e"

[[patch.unused]]
name = "krabka-observability"
version = "0.4.0"
source = "git+https://github.com/krabka-io/krabka-o11y?rev=8d9954023f1b68b04d7511ce6e9d15b3d2876028#8d9954023f1b68b04d7511ce6e9d15b3d2876028"

[[patch.unused]]
name = "krabka-operator"
version = "0.5.0"
source = "git+https://github.com/krabka-io/krabka-operator?rev=93760fb5cade0fa7349fd154f77a6fe81b3eef33#93760fb5cade0fa7349fd154f77a6fe81b3eef33"

[[patch.unused]]
name = "krabka-parse-benches"
version = "0.7.0"
source = "git+https://github.com/krabka-io/krabka-broker?rev=d2ee0d14003c7ccc52d792db495120f48e13028e#d2ee0d14003c7ccc52d792db495120f48e13028e"

[[patch.unused]]
name = "krabka-pprof"
version = "0.4.0"
source = "git+https://github.com/krabka-io/krabka-o11y?rev=8d9954023f1b68b04d7511ce6e9d15b3d2876028#8d9954023f1b68b04d7511ce6e9d15b3d2876028"

[[patch.unused]]
name = "krabka-profiles"
version = "0.4.0"
source = "git+https://github.com/krabka-io/krabka-o11y?rev=8d9954023f1b68b04d7511ce6e9d15b3d2876028#8d9954023f1b68b04d7511ce6e9d15b3d2876028"

[[patch.unused]]
name = "krabka-promql"
version = "0.4.0"
source = "git+https://github.com/krabka-io/krabka-o11y?rev=8d9954023f1b68b04d7511ce6e9d15b3d2876028#8d9954023f1b68b04d7511ce6e9d15b3d2876028"

[[patch.unused]]
name = "krabka-protocol"
version = "0.6.0"
source = "git+https://github.com/krabka-io/krabka-protocol?rev=574e0e385f5d5187979049aa0578f1abf3fa123b#574e0e385f5d5187979049aa0578f1abf3fa123b"

[[patch.unused]]
name = "krabka-protocol-codegen"
version = "0.6.0"
source = "git+https://github.com/krabka-io/krabka-protocol?rev=574e0e385f5d5187979049aa0578f1abf3fa123b#574e0e385f5d5187979049aa0578f1abf3fa123b"

[[patch.unused]]
name = "krabka-query-frontend"
version = "0.4.0"
source = "git+https://github.com/krabka-io/krabka-o11y?rev=8d9954023f1b68b04d7511ce6e9d15b3d2876028#8d9954023f1b68b04d7511ce6e9d15b3d2876028"

[[patch.unused]]
name = "krabka-raft"
version = "0.7.0"
source = "git+https://github.com/krabka-io/krabka-broker?rev=d2ee0d14003c7ccc52d792db495120f48e13028e#d2ee0d14003c7ccc52d792db495120f48e13028e"

[[patch.unused]]
name = "krabka-rebalancer"
version = "0.4.3"
source = "git+https://github.com/krabka-io/krabka-rebalancer?rev=9df7a58ec6f0e78b582e7d69c60b208a9c73644e#9df7a58ec6f0e78b582e7d69c60b208a9c73644e"

[[patch.unused]]
name = "krabka-records-legacy"
version = "0.7.0"
source = "git+https://github.com/krabka-io/krabka-broker?rev=d2ee0d14003c7ccc52d792db495120f48e13028e#d2ee0d14003c7ccc52d792db495120f48e13028e"

[[patch.unused]]
name = "krabka-remote-storage"
version = "0.7.0"
source = "git+https://github.com/krabka-io/krabka-broker?rev=d2ee0d14003c7ccc52d792db495120f48e13028e#d2ee0d14003c7ccc52d792db495120f48e13028e"

[[patch.unused]]
name = "krabka-remote-storage-topic"
version = "0.7.0"
source = "git+https://github.com/krabka-io/krabka-broker?rev=d2ee0d14003c7ccc52d792db495120f48e13028e#d2ee0d14003c7ccc52d792db495120f48e13028e"

[[patch.unused]]
name = "krabka-replicator"
version = "0.4.1"
source = "git+https://github.com/krabka-io/krabka-connect?rev=ecd5fd77656bc24addb087e714477b9201053a28#ecd5fd77656bc24addb087e714477b9201053a28"

[[patch.unused]]
name = "krabka-restore"
version = "0.7.0"
source = "git+https://github.com/krabka-io/krabka-broker?rev=d2ee0d14003c7ccc52d792db495120f48e13028e#d2ee0d14003c7ccc52d792db495120f48e13028e"

[[patch.unused]]
name = "krabka-schema-registry"
version = "0.4.2"
source = "git+https://github.com/krabka-io/krabka-schema-registry?rev=3b0e666b1b85ca4cce810be7480df663a8925d3b#3b0e666b1b85ca4cce810be7480df663a8925d3b"

[[patch.unused]]
name = "krabka-schema-serde"
version = "0.4.2"
source = "git+https://github.com/krabka-io/krabka-schema-registry?rev=3b0e666b1b85ca4cce810be7480df663a8925d3b#3b0e666b1b85ca4cce810be7480df663a8925d3b"

[[patch.unused]]
name = "krabka-sdk-conformance"
version = "0.5.0"
source = "git+https://github.com/krabka-io/krabka-gateway?rev=c6d97bc98d59133b8c8cebd29f83fd2d38d0c429#c6d97bc98d59133b8c8cebd29f83fd2d38d0c429"

[[patch.unused]]
name = "krabka-security"
version = "0.6.0"
source = "git+https://github.com/krabka-io/krabka-protocol?rev=574e0e385f5d5187979049aa0578f1abf3fa123b#574e0e385f5d5187979049aa0578f1abf3fa123b"

[[patch.unused]]
name = "krabka-telemetry"
version = "0.7.0"
source = "git+https://github.com/krabka-io/krabka-broker?rev=d2ee0d14003c7ccc52d792db495120f48e13028e#d2ee0d14003c7ccc52d792db495120f48e13028e"

[[patch.unused]]
name = "krabka-throttle"
version = "0.7.0"
source = "git+https://github.com/krabka-io/krabka-broker?rev=d2ee0d14003c7ccc52d792db495120f48e13028e#d2ee0d14003c7ccc52d792db495120f48e13028e"

[[patch.unused]]
name = "krabka-trace-context"
version = "0.6.0"
source = "git+https://github.com/krabka-io/krabka-protocol?rev=574e0e385f5d5187979049aa0578f1abf3fa123b#574e0e385f5d5187979049aa0578f1abf3fa123b"

[[patch.unused]]
name = "krabka-traceql"
version = "0.4.0"
source = "git+https://github.com/krabka-io/krabka-o11y?rev=8d9954023f1b68b04d7511ce6e9d15b3d2876028#8d9954023f1b68b04d7511ce6e9d15b3d2876028"

[[patch.unused]]
name = "krabka-traces"
version = "0.4.0"
source = "git+https://github.com/krabka-io/krabka-o11y?rev=8d9954023f1b68b04d7511ce6e9d15b3d2876028#8d9954023f1b68b04d7511ce6e9d15b3d2876028"

[[patch.unused]]
name = "krabka-units"
version = "0.6.0"
source = "git+https://github.com/krabka-io/krabka-protocol?rev=574e0e385f5d5187979049aa0578f1abf3fa123b#574e0e385f5d5187979049aa0578f1abf3fa123b"

[[patch.unused]]
name = "krabka-verified"
version = "0.7.0"
source = "git+https://github.com/krabka-io/krabka-broker?rev=d2ee0d14003c7ccc52d792db495120f48e13028e#d2ee0d14003c7ccc52d792db495120f48e13028e"

[[patch.unused]]
name = "krabka-voters"
version = "0.6.0"
source = "git+https://github.com/krabka-io/krabka-protocol?rev=574e0e385f5d5187979049aa0578f1abf3fa123b#574e0e385f5d5187979049aa0578f1abf3fa123b"
